PODS:
  - sqlite3 (3.17.0):
    - sqlite3/common (= 3.17.0)
  - sqlite3/common (3.17.0)
  - SQLiteManager (0.2.6):
    - sqlite3

DEPENDENCIES:
  - SQLiteManager (from `../`)

EXTERNAL SOURCES:
  SQLiteManager:
    :path: "../"

SPEC CHECKSUMS:
  sqlite3: 3675836c3d675e606507595cf4fd65066b9e11f2
  SQLiteManager: 5bce9a499ee18032af8e6b631609b289fd0294c0

PODFILE CHECKSUM: dda5700cb54730a75aa6411ddd8569150953e838

COCOAPODS: 1.1.1
