PODS:
  - sqlite3 (3.15.2):
    - sqlite3/common (= 3.15.2)
  - sqlite3/common (3.15.2)
  - SQLiteManager (0.2.4):
    - sqlite3

DEPENDENCIES:
  - SQLiteManager (from `../`)

EXTERNAL SOURCES:
  SQLiteManager:
    :path: ../

SPEC CHECKSUMS:
  sqlite3: 85c03fced2fc4df2374c8bee4299ccf0aee381b8
  SQLiteManager: 24272b8d25ba427a42c62438480b718eabc68a16

PODFILE CHECKSUM: dda5700cb54730a75aa6411ddd8569150953e838

COCOAPODS: 1.2.0.beta.1
